
Microsoft Visual Studio Solution File, Format Version 11.00
# Visual Studio 2010
Project("{FAE04EC0-301F-11D3-BF4B-00C04F79EFBC}") = "Glimpse.EF1Test", "Glimpse.EF1Test\Glimpse.EF1Test.csproj", "{47CEC63C-74B8-4CAB-8C48-EB308B0F9D8B}"
EndProject
Global
	GlobalSection(SolutionConfigurationPlatforms) = preSolution
		Debug|Any CPU = Debug|Any CPU
		Release|Any CPU = Release|Any CPU
	EndGlobalSection
	GlobalSection(ProjectConfigurationPlatforms) = postSolution
		{47CEC63C-74B8-4CAB-8C48-EB308B0F9D8B}.Debug|Any CPU.ActiveCfg = Debug|Any CPU
		{47CEC63C-74B8-4CAB-8C48-EB308B0F9D8B}.Debug|Any CPU.Build.0 = Debug|Any CPU
		{47CEC63C-74B8-4CAB-8C48-EB308B0F9D8B}.Release|Any CPU.ActiveCfg = Release|Any CPU
		{47CEC63C-74B8-4CAB-8C48-EB308B0F9D8B}.Release|Any CPU.Build.0 = Release|Any CPU
	EndGlobalSection
	GlobalSection(SolutionProperties) = preSolution
		HideSolutionNode = FALSE
	EndGlobalSection
EndGlobal
